// !$*UTF8*$!
{
	archiveVersion = 1;
	classes = {
	};
	objectVersion = 77;
	objects = {

/* Begin PBXBuildFile section */
		6DCFB3692E8297B400258DEF /* SwiftFormat in Frameworks */ = {isa = PBXBuildFile; productRef = 6DCFB3682E8297B400258DEF /* SwiftFormat */; };
/* End PBXBuildFile section */

/* Begin PBXContainerItemProxy section */
		6DCFB3152E828D5900258DEF /* PBXContainerItemProxy */ = {
			isa = PBXContainerItemProxy;
			containerPortal = 6DCFB2FF2E828D5800258DEF /* Project object */;
			proxyType = 1;
			remoteGlobalIDString = 6DCFB3062E828D5800258DEF;
			remoteInfo = Instax;
		};
		6DCFB31F2E828D5900258DEF /* PBXContainerItemProxy */ = {
			isa = PBXContainerItemProxy;
			containerPortal = 6DCFB2FF2E828D5800258DEF /* Project object */;
			proxyType = 1;
			remoteGlobalIDString = 6DCFB3062E828D5800258DEF;
			remoteInfo = Instax;
		};
/* End PBXContainerItemProxy section */

/* Begin PBXFileReference section */
		6DCFB3072E828D5800258DEF /* Instax.app */ = {isa = PBXFileReference; explicitFileType = wrapper.application; includeInIndex = 0; path = Instax.app; sourceTree = BUILT_PRODUCTS_DIR; };
		6DCFB3142E828D5900258DEF /* InstaxTests.xctest */ = {isa = PBXFileReference; explicitFileType = wrapper.cfbundle; includeInIndex = 0; path = InstaxTests.xctest; sourceTree = BUILT_PRODUCTS_DIR; };
		6DCFB31E2E828D5900258DEF /* InstaxUITests.xctest */ = {isa = PBXFileReference; explicitFileType = wrapper.cfbundle; includeInIndex = 0; path = InstaxUITests.xctest; sourceTree = BUILT_PRODUCTS_DIR; };
/* End PBXFileReference section */

/* Begin PBXFileSystemSynchronizedRootGroup section */
		6DCFB3092E828D5800258DEF /* Instax */ = {
			isa = PBXFileSystemSynchronizedRootGroup;
			path = Instax;
			sourceTree = "<group>";
		};
		6DCFB3172E828D5900258DEF /* InstaxTests */ = {
			isa = PBXFileSystemSynchronizedRootGroup;
			path = InstaxTests;
			sourceTree = "<group>";
		};
		6DCFB3212E828D5900258DEF /* InstaxUITests */ = {
			isa = PBXFileSystemSynchronizedRootGroup;
			path = InstaxUITests;
			sourceTree = "<group>";
		};
/* End PBXFileSystemSynchronizedRootGroup section */

/* Begin PBXFrameworksBuildPhase section */
		6DCFB3042E828D5800258DEF /* Frameworks */ = {
			isa = PBXFrameworksBuildPhase;
			buildActionMask = 2147483647;
			files = (
				6DCFB3692E8297B400258DEF /* SwiftFormat in Frameworks */,
			);
			runOnlyForDeploymentPostprocessing = 0;
		};
		6DCFB3112E828D5900258DEF /* Frameworks */ = {
			isa = PBXFrameworksBuildPhase;
			buildActionMask = 2147483647;
			files = (
			);
			runOnlyForDeploymentPostprocessing = 0;
		};
		6DCFB31B2E828D5900258DEF /* Frameworks */ = {
			isa = PBXFrameworksBuildPhase;
			buildActionMask = 2147483647;
			files = (
			);
			runOnlyForDeploymentPostprocessing = 0;
		};
/* End PBXFrameworksBuildPhase section */

/* Begin PBXGroup section */
		6DCFB2FE2E828D5800258DEF = {
			isa = PBXGroup;
			children = (
				6DCFB3092E828D5800258DEF /* Instax */,
				6DCFB3172E828D5900258DEF /* InstaxTests */,
				6DCFB3212E828D5900258DEF /* InstaxUITests */,
				6DCFB3082E828D5800258DEF /* Products */,
			);
			sourceTree = "<group>";
		};
		6DCFB3082E828D5800258DEF /* Products */ = {
			isa = PBXGroup;
			children = (
				6DCFB3072E828D5800258DEF /* Instax.app */,
				6DCFB3142E828D5900258DEF /* InstaxTests.xctest */,
				6DCFB31E2E828D5900258DEF /* InstaxUITests.xctest */,
			);
			name = Products;
			sourceTree = "<group>";
		};
/* End PBXGroup section */

/* Begin PBXNativeTarget section */
		6DCFB3062E828D5800258DEF /* Instax */ = {
			isa = PBXNativeTarget;
			buildConfigurationList = 6DCFB3282E828D5900258DEF /* Build configuration list for PBXNativeTarget "Instax" */;
			buildPhases = (
				6DCFB3032E828D5800258DEF /* Sources */,
				6DCFB3042E828D5800258DEF /* Frameworks */,
				6DCFB3052E828D5800258DEF /* Resources */,
			);
			buildRules = (
			);
			dependencies = (
			);
			fileSystemSynchronizedGroups = (
				6DCFB3092E828D5800258DEF /* Instax */,
			);
			name = Instax;
			packageProductDependencies = (
				6DCFB3682E8297B400258DEF /* SwiftFormat */,
			);
			productName = Instax;
			productReference = 6DCFB3072E828D5800258DEF /* Instax.app */;
			productType = "com.apple.product-type.application";
		};
		6DCFB3132E828D5900258DEF /* InstaxTests */ = {
			isa = PBXNativeTarget;
			buildConfigurationList = 6DCFB32B2E828D5900258DEF /* Build configuration list for PBXNativeTarget "InstaxTests" */;
			buildPhases = (
				6DCFB3102E828D5900258DEF /* Sources */,
				6DCFB3112E828D5900258DEF /* Frameworks */,
				6DCFB3122E828D5900258DEF /* Resources */,
			);
			buildRules = (
			);
			dependencies = (
				6DCFB3162E828D5900258DEF /* PBXTargetDependency */,
			);
			fileSystemSynchronizedGroups = (
				6DCFB3172E828D5900258DEF /* InstaxTests */,
			);
			name = InstaxTests;
			packageProductDependencies = (
			);
			productName = InstaxTests;
			productReference = 6DCFB3142E828D5900258DEF /* InstaxTests.xctest */;
			productType = "com.apple.product-type.bundle.unit-test";
		};
		6DCFB31D2E828D5900258DEF /* InstaxUITests */ = {
			isa = PBXNativeTarget;
			buildConfigurationList = 6DCFB32E2E828D5900258DEF /* Build configuration list for PBXNativeTarget "InstaxUITests" */;
			buildPhases = (
				6DCFB31A2E828D5900258DEF /* Sources */,
				6DCFB31B2E828D5900258DEF /* Frameworks */,
				6DCFB31C2E828D5900258DEF /* Resources */,
			);
			buildRules = (
			);
			dependencies = (
				6DCFB3202E828D5900258DEF /* PBXTargetDependency */,
			);
			fileSystemSynchronizedGroups = (
				6DCFB3212E828D5900258DEF /* InstaxUITests */,
			);
			name = InstaxUITests;
			packageProductDependencies = (
			);
			productName = InstaxUITests;
			productReference = 6DCFB31E2E828D5900258DEF /* InstaxUITests.xctest */;
			productType = "com.apple.product-type.bundle.ui-testing";
		};
/* End PBXNativeTarget section */

/* Begin PBXProject section */
		6DCFB2FF2E828D5800258DEF /* Project object */ = {
			isa = PBXProject;
			attributes = {
				BuildIndependentTargetsInParallel = 1;
				LastSwiftUpdateCheck = 1640;
				LastUpgradeCheck = 1640;
				TargetAttributes = {
					6DCFB3062E828D5800258DEF = {
						CreatedOnToolsVersion = 16.4;
					};
					6DCFB3132E828D5900258DEF = {
						CreatedOnToolsVersion = 16.4;
						TestTargetID = 6DCFB3062E828D5800258DEF;
					};
					6DCFB31D2E828D5900258DEF = {
						CreatedOnToolsVersion = 16.4;
						TestTargetID = 6DCFB3062E828D5800258DEF;
					};
				};
			};
			buildConfigurationList = 6DCFB3022E828D5800258DEF /* Build configuration list for PBXProject "Instax" */;
			developmentRegion = en;
			hasScannedForEncodings = 0;
			knownRegions = (
				en,
				Base,
			);
			mainGroup = 6DCFB2FE2E828D5800258DEF;
			minimizedProjectReferenceProxies = 1;
			packageReferences = (
				6DCFB3672E8297B400258DEF /* XCRemoteSwiftPackageReference "SwiftFormat" */,
			);
			preferredProjectObjectVersion = 77;
			productRefGroup = 6DCFB3082E828D5800258DEF /* Products */;
			projectDirPath = "";
			projectRoot = "";
			targets = (
				6DCFB3062E828D5800258DEF /* Instax */,
				6DCFB3132E828D5900258DEF /* InstaxTests */,
				6DCFB31D2E828D5900258DEF /* InstaxUITests */,
			);
		};
/* End PBXProject section */

/* Begin PBXResourcesBuildPhase section */
		6DCFB3052E828D5800258DEF /* Resources */ = {
			isa = PBXResourcesBuildPhase;
			buildActionMask = 2147483647;
			files = (
			);
			runOnlyForDeploymentPostprocessing = 0;
		};
		6DCFB3122E828D5900258DEF /* Resources */ = {
			isa = PBXResourcesBuildPhase;
			buildActionMask = 2147483647;
			files = (
			);
			runOnlyForDeploymentPostprocessing = 0;
		};
		6DCFB31C2E828D5900258DEF /* Resources */ = {
			isa = PBXResourcesBuildPhase;
			buildActionMask = 2147483647;
			files = (
			);
			runOnlyForDeploymentPostprocessing = 0;
		};
/* End PBXResourcesBuildPhase section */

/* Begin PBXSourcesBuildPhase section */
		6DCFB3032E828D5800258DEF /* Sources */ = {
			isa = PBXSourcesBuildPhase;
			buildActionMask = 2147483647;
			files = (
			);
			runOnlyForDeploymentPostprocessing = 0;
		};
		6DCFB3102E828D5900258DEF /* Sources */ = {
			isa = PBXSourcesBuildPhase;
			buildActionMask = 2147483647;
			files = (
			);
			runOnlyForDeploymentPostprocessing = 0;
		};
		6DCFB31A2E828D5900258DEF /* Sources */ = {
			isa = PBXSourcesBuildPhase;
			buildActionMask = 2147483647;
			files = (
			);
			runOnlyForDeploymentPostprocessing = 0;
		};
/* End PBXSourcesBuildPhase section */

/* Begin PBXTargetDependency section */
		6DCFB3162E828D5900258DEF /* PBXTargetDependency */ = {
			isa = PBXTargetDependency;
			target = 6DCFB3062E828D5800258DEF /* Instax */;
			targetProxy = 6DCFB3152E828D5900258DEF /* PBXContainerItemProxy */;
		};
		6DCFB3202E828D5900258DEF /* PBXTargetDependency */ = {
			isa = PBXTargetDependency;
			target = 6DCFB3062E828D5800258DEF /* Instax */;
			targetProxy = 6DCFB31F2E828D5900258DEF /* PBXContainerItemProxy */;
		};
/* End PBXTargetDependency section */

/* Begin XCBuildConfiguration section */
		6DCFB3262E828D5900258DEF /* Debug */ = {
			isa = XCBuildConfiguration;
			buildSettings = {
				ALWAYS_SEARCH_USER_PATHS = NO;
				ASSETCATALOG_COMPILER_GENERATE_SWIFT_ASSET_SYMBOL_EXTENSIONS = YES;
				CLANG_ANALYZER_NONNULL = YES;
				CLANG_ANALYZER_NUMBER_OBJECT_CONVERSION = YES_AGGRESSIVE;
				CLANG_CXX_LANGUAGE_STANDARD = "gnu++20";
				CLANG_ENABLE_MODULES = YES;
				CLANG_ENABLE_OBJC_ARC = YES;
				CLANG_ENABLE_OBJC_WEAK = YES;
				CLANG_WARN_BLOCK_CAPTURE_AUTORELEASING = YES;
				CLANG_WARN_BOOL_CONVERSION = YES;
				CLANG_WARN_COMMA = YES;
				CLANG_WARN_CONSTANT_CONVERSION = YES;
				CLANG_WARN_DEPRECATED_OBJC_IMPLEMENTATIONS = YES;
				CLANG_WARN_DIRECT_OBJC_ISA_USAGE = YES_ERROR;
				CLANG_WARN_DOCUMENTATION_COMMENTS = YES;
				CLANG_WARN_EMPTY_BODY = YES;
				CLANG_WARN_ENUM_CONVERSION = YES;
				CLANG_WARN_INFINITE_RECURSION = YES;
				CLANG_WARN_INT_CONVERSION = YES;
				CLANG_WARN_NON_LITERAL_NULL_CONVERSION = YES;
				CLANG_WARN_OBJC_IMPLICIT_RETAIN_SELF = YES;
				CLANG_WARN_OBJC_LITERAL_CONVERSION = YES;
				CLANG_WARN_OBJC_ROOT_CLASS = YES_ERROR;
				CLANG_WARN_QUOTED_INCLUDE_IN_FRAMEWORK_HEADER = YES;
				CLANG_WARN_RANGE_LOOP_ANALYSIS = YES;
				CLANG_WARN_STRICT_PROTOTYPES = YES;
				CLANG_WARN_SUSPICIOUS_MOVE = YES;
				CLANG_WARN_UNGUARDED_AVAILABILITY = YES_AGGRESSIVE;
				CLANG_WARN_UNREACHABLE_CODE = YES;
				CLANG_WARN__DUPLICATE_METHOD_MATCH = YES;
				COPY_PHASE_STRIP = NO;
				DEBUG_INFORMATION_FORMAT = dwarf;
				DEVELOPMENT_TEAM = SVKRAN4W6B;
				ENABLE_STRICT_OBJC_MSGSEND = YES;
				ENABLE_TESTABILITY = YES;
				ENABLE_USER_SCRIPT_SANDBOXING = YES;
				GCC_C_LANGUAGE_STANDARD = gnu17;
				GCC_DYNAMIC_NO_PIC = NO;
				GCC_NO_COMMON_BLOCKS = YES;
				GCC_OPTIMIZATION_LEVEL = 0;
				GCC_PREPROCESSOR_DEFINITIONS = (
					"DEBUG=1",
					"$(inherited)",
				);
				GCC_WARN_64_TO_32_BIT_CONVERSION = YES;
				GCC_WARN_ABOUT_RETURN_TYPE = YES_ERROR;
				GCC_WARN_UNDECLARED_SELECTOR = YES;
				GCC_WARN_UNINITIALIZED_AUTOS = YES_AGGRESSIVE;
				GCC_WARN_UNUSED_FUNCTION = YES;
				GCC_WARN_UNUSED_VARIABLE = YES;
				IPHONEOS_DEPLOYMENT_TARGET = 18.5;
				LOCALIZATION_PREFERS_STRING_CATALOGS = YES;
				MTL_ENABLE_DEBUG_INFO = INCLUDE_SOURCE;
				MTL_FAST_MATH = YES;
				ONLY_ACTIVE_ARCH = YES;
				SDKROOT = iphoneos;
				SWIFT_ACTIVE_COMPILATION_CONDITIONS = "DEBUG $(inherited)";
				SWIFT_OPTIMIZATION_LEVEL = "-Onone";
			};
			name = Debug;
		};
		6DCFB3272E828D5900258DEF /* Release */ = {
			isa = XCBuildConfiguration;
			buildSettings = {
				ALWAYS_SEARCH_USER_PATHS = NO;
				ASSETCATALOG_COMPILER_GENERATE_SWIFT_ASSET_SYMBOL_EXTENSIONS = YES;
				CLANG_ANALYZER_NONNULL = YES;
				CLANG_ANALYZER_NUMBER_OBJECT_CONVERSION = YES_AGGRESSIVE;
				CLANG_CXX_LANGUAGE_STANDARD = "gnu++20";
				CLANG_ENABLE_MODULES = YES;
				CLANG_ENABLE_OBJC_ARC = YES;
				CLANG_ENABLE_OBJC_WEAK = YES;
				CLANG_WARN_BLOCK_CAPTURE_AUTORELEASING = YES;
				CLANG_WARN_BOOL_CONVERSION = YES;
				CLANG_WARN_COMMA = YES;
				CLANG_WARN_CONSTANT_CONVERSION = YES;
				CLANG_WARN_DEPRECATED_OBJC_IMPLEMENTATIONS = YES;
				CLANG_WARN_DIRECT_OBJC_ISA_USAGE = YES_ERROR;
				CLANG_WARN_DOCUMENTATION_COMMENTS = YES;
				CLANG_WARN_EMPTY_BODY = YES;
				CLANG_WARN_ENUM_CONVERSION = YES;
				CLANG_WARN_INFINITE_RECURSION = YES;
				CLANG_WARN_INT_CONVERSION = YES;
				CLANG_WARN_NON_LITERAL_NULL_CONVERSION = YES;
				CLANG_WARN_OBJC_IMPLICIT_RETAIN_SELF = YES;
				CLANG_WARN_OBJC_LITERAL_CONVERSION = YES;
				CLANG_WARN_OBJC_ROOT_CLASS = YES_ERROR;
				CLANG_WARN_QUOTED_INCLUDE_IN_FRAMEWORK_HEADER = YES;
				CLANG_WARN_RANGE_LOOP_ANALYSIS = YES;
				CLANG_WARN_STRICT_PROTOTYPES = YES;
				CLANG_WARN_SUSPICIOUS_MOVE = YES;
				CLANG_WARN_UNGUARDED_AVAILABILITY = YES_AGGRESSIVE;
				CLANG_WARN_UNREACHABLE_CODE = YES;
				CLANG_WARN__DUPLICATE_METHOD_MATCH = YES;
				COPY_PHASE_STRIP = NO;
				DEBUG_INFORMATION_FORMAT = "dwarf-with-dsym";
				DEVELOPMENT_TEAM = SVKRAN4W6B;
				ENABLE_NS_ASSERTIONS = NO;
				ENABLE_STRICT_OBJC_MSGSEND = YES;
				ENABLE_USER_SCRIPT_SANDBOXING = YES;
				GCC_C_LANGUAGE_STANDARD = gnu17;
				GCC_NO_COMMON_BLOCKS = YES;
				GCC_WARN_64_TO_32_BIT_CONVERSION = YES;
				GCC_WARN_ABOUT_RETURN_TYPE = YES_ERROR;
				GCC_WARN_UNDECLARED_SELECTOR = YES;
				GCC_WARN_UNINITIALIZED_AUTOS = YES_AGGRESSIVE;
				GCC_WARN_UNUSED_FUNCTION = YES;
				GCC_WARN_UNUSED_VARIABLE = YES;
				IPHONEOS_DEPLOYMENT_TARGET = 18.5;
				LOCALIZATION_PREFERS_STRING_CATALOGS = YES;
				MTL_ENABLE_DEBUG_INFO = NO;
				MTL_FAST_MATH = YES;
				SDKROOT = iphoneos;
				SWIFT_COMPILATION_MODE = wholemodule;
				VALIDATE_PRODUCT = YES;
			};
			name = Release;
		};
		6DCFB3292E828D5900258DEF /* Debug */ = {
			isa = XCBuildConfiguration;
			buildSettings = {
				ASSETCATALOG_COMPILER_APPICON_NAME = AppIcon;
				ASSETCATALOG_COMPILER_GLOBAL_ACCENT_COLOR_NAME = AccentColor;
				CODE_SIGN_STYLE = Automatic;
				CURRENT_PROJECT_VERSION = 1;
				DEVELOPMENT_TEAM = SVKRAN4W6B;
				ENABLE_PREVIEWS = YES;
				GENERATE_INFOPLIST_FILE = YES;
				INFOPLIST_KEY_UIApplicationSceneManifest_Generation = YES;
				INFOPLIST_KEY_UIApplicationSupportsIndirectInputEvents = YES;
				INFOPLIST_KEY_UILaunchScreen_Generation = YES;
				INFOPLIST_KEY_UISupportedInterfaceOrientations_iPad = "UIInterfaceOrientationPortrait UIInterfaceOrientationPortraitUpsideDown UIInterfaceOrientationLandscapeLeft UIInterfaceOrientationLandscapeRight";
				INFOPLIST_KEY_UISupportedInterfaceOrientations_iPhone = "UIInterfaceOrientationPortrait UIInterfaceOrientationLandscapeLeft UIInterfaceOrientationLandscapeRight";
				LD_RUNPATH_SEARCH_PATHS = (
					"$(inherited)",
					"@executable_path/Frameworks",
				);
				MARKETING_VERSION = 1.0;
				PRODUCT_BUNDLE_IDENTIFIER = com.mizznoff.Instax;
				PRODUCT_NAME = "$(TARGET_NAME)";
				SWIFT_EMIT_LOC_STRINGS = YES;
				SWIFT_VERSION = 5.0;
				TARGETED_DEVICE_FAMILY = "1,2";
			};
			name = Debug;
		};
		6DCFB32A2E828D5900258DEF /* Release */ = {
			isa = XCBuildConfiguration;
			buildSettings = {
				ASSETCATALOG_COMPILER_APPICON_NAME = AppIcon;
				ASSETCATALOG_COMPILER_GLOBAL_ACCENT_COLOR_NAME = AccentColor;
				CODE_SIGN_STYLE = Automatic;
				CURRENT_PROJECT_VERSION = 1;
				DEVELOPMENT_TEAM = SVKRAN4W6B;
				ENABLE_PREVIEWS = YES;
				GENERATE_INFOPLIST_FILE = YES;
				INFOPLIST_KEY_UIApplicationSceneManifest_Generation = YES;
				INFOPLIST_KEY_UIApplicationSupportsIndirectInputEvents = YES;
				INFOPLIST_KEY_UILaunchScreen_Generation = YES;
				INFOPLIST_KEY_UISupportedInterfaceOrientations_iPad = "UIInterfaceOrientationPortrait UIInterfaceOrientationPortraitUpsideDown UIInterfaceOrientationLandscapeLeft UIInterfaceOrientationLandscapeRight";
				INFOPLIST_KEY_UISupportedInterfaceOrientations_iPhone = "UIInterfaceOrientationPortrait UIInterfaceOrientationLandscapeLeft UIInterfaceOrientationLandscapeRight";
				LD_RUNPATH_SEARCH_PATHS = (
					"$(inherited)",
					"@executable_path/Frameworks",
				);
				MARKETING_VERSION = 1.0;
				PRODUCT_BUNDLE_IDENTIFIER = com.mizznoff.Instax;
				PRODUCT_NAME = "$(TARGET_NAME)";
				SWIFT_EMIT_LOC_STRINGS = YES;
				SWIFT_VERSION = 5.0;
				TARGETED_DEVICE_FAMILY = "1,2";
			};
			name = Release;
		};
		6DCFB32C2E828D5900258DEF /* Debug */ = {
			isa = XCBuildConfiguration;
			buildSettings = {
				BUNDLE_LOADER = "$(TEST_HOST)";
				CODE_SIGN_STYLE = Automatic;
				CURRENT_PROJECT_VERSION = 1;
				DEVELOPMENT_TEAM = SVKRAN4W6B;
				GENERATE_INFOPLIST_FILE = YES;
				IPHONEOS_DEPLOYMENT_TARGET = 18.5;
				MARKETING_VERSION = 1.0;
				PRODUCT_BUNDLE_IDENTIFIER = com.mizznoff.InstaxTests;
				PRODUCT_NAME = "$(TARGET_NAME)";
				SWIFT_EMIT_LOC_STRINGS = NO;
				SWIFT_VERSION = 5.0;
				TARGETED_DEVICE_FAMILY = "1,2";
				TEST_HOST = "$(BUILT_PRODUCTS_DIR)/Instax.app/$(BUNDLE_EXECUTABLE_FOLDER_PATH)/Instax";
			};
			name = Debug;
		};
		6DCFB32D2E828D5900258DEF /* Release */ = {
			isa = XCBuildConfiguration;
			buildSettings = {
				BUNDLE_LOADER = "$(TEST_HOST)";
				CODE_SIGN_STYLE = Automatic;
				CURRENT_PROJECT_VERSION = 1;
				DEVELOPMENT_TEAM = SVKRAN4W6B;
				GENERATE_INFOPLIST_FILE = YES;
				IPHONEOS_DEPLOYMENT_TARGET = 18.5;
				MARKETING_VERSION = 1.0;
				PRODUCT_BUNDLE_IDENTIFIER = com.mizznoff.InstaxTests;
				PRODUCT_NAME = "$(TARGET_NAME)";
				SWIFT_EMIT_LOC_STRINGS = NO;
				SWIFT_VERSION = 5.0;
				TARGETED_DEVICE_FAMILY = "1,2";
				TEST_HOST = "$(BUILT_PRODUCTS_DIR)/Instax.app/$(BUNDLE_EXECUTABLE_FOLDER_PATH)/Instax";
			};
			name = Release;
		};
		6DCFB32F2E828D5900258DEF /* Debug */ = {
			isa = XCBuildConfiguration;
			buildSettings = {
				CODE_SIGN_STYLE = Automatic;
				CURRENT_PROJECT_VERSION = 1;
				DEVELOPMENT_TEAM = SVKRAN4W6B;
				GENERATE_INFOPLIST_FILE = YES;
				MARKETING_VERSION = 1.0;
				PRODUCT_BUNDLE_IDENTIFIER = com.mizznoff.InstaxUITests;
				PRODUCT_NAME = "$(TARGET_NAME)";
				SWIFT_EMIT_LOC_STRINGS = NO;
				SWIFT_VERSION = 5.0;
				TARGETED_DEVICE_FAMILY = "1,2";
				TEST_TARGET_NAME = Instax;
			};
			name = Debug;
		};
		6DCFB3302E828D5900258DEF /* Release */ = {
			isa = XCBuildConfiguration;
			buildSettings = {
				CODE_SIGN_STYLE = Automatic;
				CURRENT_PROJECT_VERSION = 1;
				DEVELOPMENT_TEAM = SVKRAN4W6B;
				GENERATE_INFOPLIST_FILE = YES;
				MARKETING_VERSION = 1.0;
				PRODUCT_BUNDLE_IDENTIFIER = com.mizznoff.InstaxUITests;
				PRODUCT_NAME = "$(TARGET_NAME)";
				SWIFT_EMIT_LOC_STRINGS = NO;
				SWIFT_VERSION = 5.0;
				TARGETED_DEVICE_FAMILY = "1,2";
				TEST_TARGET_NAME = Instax;
			};
			name = Release;
		};
/* End XCBuildConfiguration section */

/* Begin XCConfigurationList section */
		6DCFB3022E828D5800258DEF /* Build configuration list for PBXProject "Instax" */ = {
			isa = XCConfigurationList;
			buildConfigurations = (
				6DCFB3262E828D5900258DEF /* Debug */,
				6DCFB3272E828D5900258DEF /* Release */,
			);
			defaultConfigurationIsVisible = 0;
			defaultConfigurationName = Release;
		};
		6DCFB3282E828D5900258DEF /* Build configuration list for PBXNativeTarget "Instax" */ = {
			isa = XCConfigurationList;
			buildConfigurations = (
				6DCFB3292E828D5900258DEF /* Debug */,
				6DCFB32A2E828D5900258DEF /* Release */,
			);
			defaultConfigurationIsVisible = 0;
			defaultConfigurationName = Release;
		};
		6DCFB32B2E828D5900258DEF /* Build configuration list for PBXNativeTarget "InstaxTests" */ = {
			isa = XCConfigurationList;
			buildConfigurations = (
				6DCFB32C2E828D5900258DEF /* Debug */,
				6DCFB32D2E828D5900258DEF /* Release */,
			);
			defaultConfigurationIsVisible = 0;
			defaultConfigurationName = Release;
		};
		6DCFB32E2E828D5900258DEF /* Build configuration list for PBXNativeTarget "InstaxUITests" */ = {
			isa = XCConfigurationList;
			buildConfigurations = (
				6DCFB32F2E828D5900258DEF /* Debug */,
				6DCFB3302E828D5900258DEF /* Release */,
			);
			defaultConfigurationIsVisible = 0;
			defaultConfigurationName = Release;
		};
/* End XCConfigurationList section */

/* Begin XCRemoteSwiftPackageReference section */
		6DCFB3672E8297B400258DEF /* XCRemoteSwiftPackageReference "SwiftFormat" */ = {
			isa = XCRemoteSwiftPackageReference;
			repositoryURL = "https://github.com/nicklockwood/SwiftFormat";
			requirement = {
				kind = upToNextMajorVersion;
				minimumVersion = 0.58.0;
			};
		};
/* End XCRemoteSwiftPackageReference section */

/* Begin XCSwiftPackageProductDependency section */
		6DCFB3682E8297B400258DEF /* SwiftFormat */ = {
			isa = XCSwiftPackageProductDependency;
			package = 6DCFB3672E8297B400258DEF /* XCRemoteSwiftPackageReference "SwiftFormat" */;
			productName = SwiftFormat;
		};
/* End XCSwiftPackageProductDependency section */
	};
	rootObject = 6DCFB2FF2E828D5800258DEF /* Project object */;
}
